
Microsoft Visual Studio Solution File, Format Version 12.00
# Visual Studio Version 16
VisualStudioVersion = 16.0.33214.272
MinimumVisualStudioVersion = 10.0.40219.1
Project("{FAE04EC0-301F-11D3-BF4B-00C04F79EFBC}") = "MLApp", "MLApp.csproj", "{CEA683E7-9C99-435E-A08F-5FF2DD90715C}"
EndProject
Global
	GlobalSection(SolutionConfigurationPlatforms) = preSolution
		Debug|Any CPU = Debug|Any CPU
		Release|Any CPU = Release|Any CPU
	EndGlobalSection
	GlobalSection(ProjectConfigurationPlatforms) = postSolution
		{CEA683E7-9C99-435E-A08F-5FF2DD90715C}.Debug|Any CPU.ActiveCfg = Debug|Any CPU
		{CEA683E7-9C99-435E-A08F-5FF2DD90715C}.Debug|Any CPU.Build.0 = Debug|Any CPU
		{CEA683E7-9C99-435E-A08F-5FF2DD90715C}.Release|Any CPU.ActiveCfg = Release|Any CPU
		{CEA683E7-9C99-435E-A08F-5FF2DD90715C}.Release|Any CPU.Build.0 = Release|Any CPU
	EndGlobalSection
	GlobalSection(SolutionProperties) = preSolution
		HideSolutionNode = FALSE
	EndGlobalSection
	GlobalSection(ExtensibilityGlobals) = postSolution
		SolutionGuid = {5CD854F9-4388-4C9B-80B4-776D1240267D}
	EndGlobalSection
EndGlobal
